
Microsoft Visual Studio Solution File, Format Version 12.00
# Visual Studio 15
VisualStudioVersion = 15.0.26430.15
MinimumVisualStudioVersion = 10.0.40219.1
Project("{9A19103F-16F7-4668-BE54-9A1E7A4F7556}") = "HelloWorldRansom", "HelloWorldRansom\HelloWorldRansom.csproj", "{EC272C94-B645-465F-8308-AF4B7E6720B4}"
EndProject
Project("{E53339B2-1760-4266-BCC7-CA923CBCF16C}") = "docker-compose", "docker-compose.dcproj", "{BD97A205-C951-4A8F-B093-B0200F8DCD1B}"
EndProject
Global
	GlobalSection(SolutionConfigurationPlatforms) = preSolution
		Debug|Any CPU = Debug|Any CPU
		Release|Any CPU = Release|Any CPU
	EndGlobalSection
	GlobalSection(ProjectConfigurationPlatforms) = postSolution
		{EC272C94-B645-465F-8308-AF4B7E6720B4}.Debug|Any CPU.ActiveCfg = Debug|Any CPU
		{EC272C94-B645-465F-8308-AF4B7E6720B4}.Debug|Any CPU.Build.0 = Debug|Any CPU
		{EC272C94-B645-465F-8308-AF4B7E6720B4}.Release|Any CPU.ActiveCfg = Release|Any CPU
		{EC272C94-B645-465F-8308-AF4B7E6720B4}.Release|Any CPU.Build.0 = Release|Any CPU
		{BD97A205-C951-4A8F-B093-B0200F8DCD1B}.Debug|Any CPU.ActiveCfg = Debug|Any CPU
		{BD97A205-C951-4A8F-B093-B0200F8DCD1B}.Debug|Any CPU.Build.0 = Debug|Any CPU
		{BD97A205-C951-4A8F-B093-B0200F8DCD1B}.Release|Any CPU.ActiveCfg = Release|Any CPU
		{BD97A205-C951-4A8F-B093-B0200F8DCD1B}.Release|Any CPU.Build.0 = Release|Any CPU
	EndGlobalSection
	GlobalSection(SolutionProperties) = preSolution
		HideSolutionNode = FALSE
	EndGlobalSection
EndGlobal
